// !$*UTF8*$!
{
	archiveVersion = 1;
	classes = {
	};
	objectVersion = 50;
	objects = {

/* Begin PBXBuildFile section */
		AB66659B26CDDFCF00BFEB1F /* Temperature.swift in Sources */ = {isa = PBXBuildFile; fileRef = AB66659A26CDDFCF00BFEB1F /* Temperature.swift */; };
		AB6665A426CDE25700BFEB1F /* TemperatureConverter.swift in Sources */ = {isa = PBXBuildFile; fileRef = AB6665A326CDE25700BFEB1F /* TemperatureConverter.swift */; };
		AB6665AC26CDE3E900BFEB1F /* TemperatureConverterTests.swift in Sources */ = {isa = PBXBuildFile; fileRef = AB6665AB26CDE3E900BFEB1F /* TemperatureConverterTests.swift */; };
		ABEEAF0026CB3B1E00AEEE8B /* AppDelegate.swift in Sources */ = {isa = PBXBuildFile; fileRef = ABEEAEFF26CB3B1E00AEEE8B /* AppDelegate.swift */; };
		ABEEAF0226CB3B1E00AEEE8B /* SceneDelegate.swift in Sources */ = {isa = PBXBuildFile; fileRef = ABEEAF0126CB3B1E00AEEE8B /* SceneDelegate.swift */; };
		ABEEAF0426CB3B1E00AEEE8B /* ViewController.swift in Sources */ = {isa = PBXBuildFile; fileRef = ABEEAF0326CB3B1E00AEEE8B /* ViewController.swift */; };
		ABEEAF0726CB3B1E00AEEE8B /* Main.storyboard in Resources */ = {isa = PBXBuildFile; fileRef = ABEEAF0526CB3B1E00AEEE8B /* Main.storyboard */; };
		ABEEAF0926CB3B2100AEEE8B /* Assets.xcassets in Resources */ = {isa = PBXBuildFile; fileRef = ABEEAF0826CB3B2100AEEE8B /* Assets.xcassets */; };
		ABEEAF0C26CB3B2100AEEE8B /* LaunchScreen.storyboard in Resources */ = {isa = PBXBuildFile; fileRef = ABEEAF0A26CB3B2100AEEE8B /* LaunchScreen.storyboard */; };
		ABEEAF1726CB3B2100AEEE8B /* ConvertidorTemperaturaTests.swift in Sources */ = {isa = PBXBuildFile; fileRef = ABEEAF1626CB3B2100AEEE8B /* ConvertidorTemperaturaTests.swift */; };
		ABEEAF2226CB3B2100AEEE8B /* ConvertidorTemperaturaUITests.swift in Sources */ = {isa = PBXBuildFile; fileRef = ABEEAF2126CB3B2100AEEE8B /* ConvertidorTemperaturaUITests.swift */; };
/* End PBXBuildFile section */

/* Begin PBXContainerItemProxy section */
		ABEEAF1326CB3B2100AEEE8B /* PBXContainerItemProxy */ = {
			isa = PBXContainerItemProxy;
			containerPortal = ABEEAEF426CB3B1E00AEEE8B /* Project object */;
			proxyType = 1;
			remoteGlobalIDString = ABEEAEFB26CB3B1E00AEEE8B;
			remoteInfo = ConvertidorTemperatura;
		};
		ABEEAF1E26CB3B2100AEEE8B /* PBXContainerItemProxy */ = {
			isa = PBXContainerItemProxy;
			containerPortal = ABEEAEF426CB3B1E00AEEE8B /* Project object */;
			proxyType = 1;
			remoteGlobalIDString = ABEEAEFB26CB3B1E00AEEE8B;
			remoteInfo = ConvertidorTemperatura;
		};
/* End PBXContainerItemProxy section */

/* Begin PBXFileReference section */
		AB66659A26CDDFCF00BFEB1F /* Temperature.swift */ = {isa = PBXFileReference; lastKnownFileType = sourcecode.swift; path = Temperature.swift; sourceTree = "<group>"; };
		AB6665A326CDE25700BFEB1F /* TemperatureConverter.swift */ = {isa = PBXFileReference; lastKnownFileType = sourcecode.swift; path = TemperatureConverter.swift; sourceTree = "<group>"; };
		AB6665AB26CDE3E900BFEB1F /* TemperatureConverterTests.swift */ = {isa = PBXFileReference; lastKnownFileType = sourcecode.swift; path = TemperatureConverterTests.swift; sourceTree = "<group>"; };
		ABEEAEFC26CB3B1E00AEEE8B /* ConvertidorTemperatura.app */ = {isa = PBXFileReference; explicitFileType = wrapper.application; includeInIndex = 0; path = ConvertidorTemperatura.app; sourceTree = BUILT_PRODUCTS_DIR; };
		ABEEAEFF26CB3B1E00AEEE8B /* AppDelegate.swift */ = {isa = PBXFileReference; lastKnownFileType = sourcecode.swift; path = AppDelegate.swift; sourceTree = "<group>"; };
		ABEEAF0126CB3B1E00AEEE8B /* SceneDelegate.swift */ = {isa = PBXFileReference; lastKnownFileType = sourcecode.swift; path = SceneDelegate.swift; sourceTree = "<group>"; };
		ABEEAF0326CB3B1E00AEEE8B /* ViewController.swift */ = {isa = PBXFileReference; lastKnownFileType = sourcecode.swift; path = ViewController.swift; sourceTree = "<group>"; };
		ABEEAF0626CB3B1E00AEEE8B /* Base */ = {isa = PBXFileReference; lastKnownFileType = file.storyboard; name = Base; path = Base.lproj/Main.storyboard; sourceTree = "<group>"; };
		ABEEAF0826CB3B2100AEEE8B /* Assets.xcassets */ = {isa = PBXFileReference; lastKnownFileType = folder.assetcatalog; path = Assets.xcassets; sourceTree = "<group>"; };
		ABEEAF0B26CB3B2100AEEE8B /* Base */ = {isa = PBXFileReference; lastKnownFileType = file.storyboard; name = Base; path = Base.lproj/LaunchScreen.storyboard; sourceTree = "<group>"; };
		ABEEAF0D26CB3B2100AEEE8B /* Info.plist */ = {isa = PBXFileReference; lastKnownFileType = text.plist.xml; path = Info.plist; sourceTree = "<group>"; };
		ABEEAF1226CB3B2100AEEE8B /* ConvertidorTemperaturaTests.xctest */ = {isa = PBXFileReference; explicitFileType = wrapper.cfbundle; includeInIndex = 0; path = ConvertidorTemperaturaTests.xctest; sourceTree = BUILT_PRODUCTS_DIR; };
		ABEEAF1626CB3B2100AEEE8B /* ConvertidorTemperaturaTests.swift */ = {isa = PBXFileReference; lastKnownFileType = sourcecode.swift; path = ConvertidorTemperaturaTests.swift; sourceTree = "<group>"; };
		ABEEAF1826CB3B2100AEEE8B /* Info.plist */ = {isa = PBXFileReference; lastKnownFileType = text.plist.xml; path = Info.plist; sourceTree = "<group>"; };
		ABEEAF1D26CB3B2100AEEE8B /* ConvertidorTemperaturaUITests.xctest */ = {isa = PBXFileReference; explicitFileType = wrapper.cfbundle; includeInIndex = 0; path = ConvertidorTemperaturaUITests.xctest; sourceTree = BUILT_PRODUCTS_DIR; };
		ABEEAF2126CB3B2100AEEE8B /* ConvertidorTemperaturaUITests.swift */ = {isa = PBXFileReference; lastKnownFileType = sourcecode.swift; path = ConvertidorTemperaturaUITests.swift; sourceTree = "<group>"; };
		ABEEAF2326CB3B2100AEEE8B /* Info.plist */ = {isa = PBXFileReference; lastKnownFileType = text.plist.xml; path = Info.plist; sourceTree = "<group>"; };
/* End PBXFileReference section */

/* Begin PBXFrameworksBuildPhase section */
		ABEEAEF926CB3B1E00AEEE8B /* Frameworks */ = {
			isa = PBXFrameworksBuildPhase;
			buildActionMask = 2147483647;
			files = (
			);
			runOnlyForDeploymentPostprocessing = 0;
		};
		ABEEAF0F26CB3B2100AEEE8B /* Frameworks */ = {
			isa = PBXFrameworksBuildPhase;
			buildActionMask = 2147483647;
			files = (
			);
			runOnlyForDeploymentPostprocessing = 0;
		};
		ABEEAF1A26CB3B2100AEEE8B /* Frameworks */ = {
			isa = PBXFrameworksBuildPhase;
			buildActionMask = 2147483647;
			files = (
			);
			runOnlyForDeploymentPostprocessing = 0;
		};
/* End PBXFrameworksBuildPhase section */

/* Begin PBXGroup section */
		AB66659826CDDF0C00BFEB1F /* Model */ = {
			isa = PBXGroup;
			children = (
				AB6665A226CDE22400BFEB1F /* Tools */,
				AB66659926CDDF4500BFEB1F /* ValueObject */,
			);
			path = Model;
			sourceTree = "<group>";
		};
		AB66659926CDDF4500BFEB1F /* ValueObject */ = {
			isa = PBXGroup;
			children = (
				AB66659A26CDDFCF00BFEB1F /* Temperature.swift */,
			);
			path = ValueObject;
			sourceTree = "<group>";
		};
		AB6665A226CDE22400BFEB1F /* Tools */ = {
			isa = PBXGroup;
			children = (
				AB6665A326CDE25700BFEB1F /* TemperatureConverter.swift */,
			);
			path = Tools;
			sourceTree = "<group>";
		};
		ABEEAEF326CB3B1E00AEEE8B = {
			isa = PBXGroup;
			children = (
				ABEEAEFE26CB3B1E00AEEE8B /* ConvertidorTemperatura */,
				ABEEAF1526CB3B2100AEEE8B /* ConvertidorTemperaturaTests */,
				ABEEAF2026CB3B2100AEEE8B /* ConvertidorTemperaturaUITests */,
				ABEEAEFD26CB3B1E00AEEE8B /* Products */,
			);
			sourceTree = "<group>";
		};
		ABEEAEFD26CB3B1E00AEEE8B /* Products */ = {
			isa = PBXGroup;
			children = (
				ABEEAEFC26CB3B1E00AEEE8B /* ConvertidorTemperatura.app */,
				ABEEAF1226CB3B2100AEEE8B /* ConvertidorTemperaturaTests.xctest */,
				ABEEAF1D26CB3B2100AEEE8B /* ConvertidorTemperaturaUITests.xctest */,
			);
			name = Products;
			sourceTree = "<group>";
		};
		ABEEAEFE26CB3B1E00AEEE8B /* ConvertidorTemperatura */ = {
			isa = PBXGroup;
			children = (
				AB66659826CDDF0C00BFEB1F /* Model */,
				ABEEAEFF26CB3B1E00AEEE8B /* AppDelegate.swift */,
				ABEEAF0126CB3B1E00AEEE8B /* SceneDelegate.swift */,
				ABEEAF0326CB3B1E00AEEE8B /* ViewController.swift */,
				ABEEAF0526CB3B1E00AEEE8B /* Main.storyboard */,
				ABEEAF0826CB3B2100AEEE8B /* Assets.xcassets */,
				ABEEAF0A26CB3B2100AEEE8B /* LaunchScreen.storyboard */,
				ABEEAF0D26CB3B2100AEEE8B /* Info.plist */,
			);
			path = ConvertidorTemperatura;
			sourceTree = "<group>";
		};
		ABEEAF1526CB3B2100AEEE8B /* ConvertidorTemperaturaTests */ = {
			isa = PBXGroup;
			children = (
				ABEEAF1626CB3B2100AEEE8B /* ConvertidorTemperaturaTests.swift */,
				ABEEAF1826CB3B2100AEEE8B /* Info.plist */,
				AB6665AB26CDE3E900BFEB1F /* TemperatureConverterTests.swift */,
			);
			path = ConvertidorTemperaturaTests;
			sourceTree = "<group>";
		};
		ABEEAF2026CB3B2100AEEE8B /* ConvertidorTemperaturaUITests */ = {
			isa = PBXGroup;
			children = (
				ABEEAF2126CB3B2100AEEE8B /* ConvertidorTemperaturaUITests.swift */,
				ABEEAF2326CB3B2100AEEE8B /* Info.plist */,
			);
			path = ConvertidorTemperaturaUITests;
			sourceTree = "<group>";
		};
/* End PBXGroup section */

/* Begin PBXNativeTarget section */
		ABEEAEFB26CB3B1E00AEEE8B /* ConvertidorTemperatura */ = {
			isa = PBXNativeTarget;
			buildConfigurationList = ABEEAF2626CB3B2100AEEE8B /* Build configuration list for PBXNativeTarget "ConvertidorTemperatura" */;
			buildPhases = (
				ABEEAEF826CB3B1E00AEEE8B /* Sources */,
				ABEEAEF926CB3B1E00AEEE8B /* Frameworks */,
				ABEEAEFA26CB3B1E00AEEE8B /* Resources */,
			);
			buildRules = (
			);
			dependencies = (
			);
			name = ConvertidorTemperatura;
			productName = ConvertidorTemperatura;
			productReference = ABEEAEFC26CB3B1E00AEEE8B /* ConvertidorTemperatura.app */;
			productType = "com.apple.product-type.application";
		};
		ABEEAF1126CB3B2100AEEE8B /* ConvertidorTemperaturaTests */ = {
			isa = PBXNativeTarget;
			buildConfigurationList = ABEEAF2926CB3B2100AEEE8B /* Build configuration list for PBXNativeTarget "ConvertidorTemperaturaTests" */;
			buildPhases = (
				ABEEAF0E26CB3B2100AEEE8B /* Sources */,
				ABEEAF0F26CB3B2100AEEE8B /* Frameworks */,
				ABEEAF1026CB3B2100AEEE8B /* Resources */,
			);
			buildRules = (
			);
			dependencies = (
				ABEEAF1426CB3B2100AEEE8B /* PBXTargetDependency */,
			);
			name = ConvertidorTemperaturaTests;
			productName = ConvertidorTemperaturaTests;
			productReference = ABEEAF1226CB3B2100AEEE8B /* ConvertidorTemperaturaTests.xctest */;
			productType = "com.apple.product-type.bundle.unit-test";
		};
		ABEEAF1C26CB3B2100AEEE8B /* ConvertidorTemperaturaUITests */ = {
			isa = PBXNativeTarget;
			buildConfigurationList = ABEEAF2C26CB3B2100AEEE8B /* Build configuration list for PBXNativeTarget "ConvertidorTemperaturaUITests" */;
			buildPhases = (
				ABEEAF1926CB3B2100AEEE8B /* Sources */,
				ABEEAF1A26CB3B2100AEEE8B /* Frameworks */,
				ABEEAF1B26CB3B2100AEEE8B /* Resources */,
			);
			buildRules = (
			);
			dependencies = (
				ABEEAF1F26CB3B2100AEEE8B /* PBXTargetDependency */,
			);
			name = ConvertidorTemperaturaUITests;
			productName = ConvertidorTemperaturaUITests;
			productReference = ABEEAF1D26CB3B2100AEEE8B /* ConvertidorTemperaturaUITests.xctest */;
			productType = "com.apple.product-type.bundle.ui-testing";
		};
/* End PBXNativeTarget section */

/* Begin PBXProject section */
		ABEEAEF426CB3B1E00AEEE8B /* Project object */ = {
			isa = PBXProject;
			attributes = {
				LastSwiftUpdateCheck = 1240;
				LastUpgradeCheck = 1240;
				TargetAttributes = {
					ABEEAEFB26CB3B1E00AEEE8B = {
						CreatedOnToolsVersion = 12.4;
					};
					ABEEAF1126CB3B2100AEEE8B = {
						CreatedOnToolsVersion = 12.4;
						TestTargetID = ABEEAEFB26CB3B1E00AEEE8B;
					};
					ABEEAF1C26CB3B2100AEEE8B = {
						CreatedOnToolsVersion = 12.4;
						TestTargetID = ABEEAEFB26CB3B1E00AEEE8B;
					};
				};
			};
			buildConfigurationList = ABEEAEF726CB3B1E00AEEE8B /* Build configuration list for PBXProject "ConvertidorTemperatura" */;
			compatibilityVersion = "Xcode 9.3";
			developmentRegion = en;
			hasScannedForEncodings = 0;
			knownRegions = (
				en,
				Base,
			);
			mainGroup = ABEEAEF326CB3B1E00AEEE8B;
			productRefGroup = ABEEAEFD26CB3B1E00AEEE8B /* Products */;
			projectDirPath = "";
			projectRoot = "";
			targets = (
				ABEEAEFB26CB3B1E00AEEE8B /* ConvertidorTemperatura */,
				ABEEAF1126CB3B2100AEEE8B /* ConvertidorTemperaturaTests */,
				ABEEAF1C26CB3B2100AEEE8B /* ConvertidorTemperaturaUITests */,
			);
		};
/* End PBXProject section */

/* Begin PBXResourcesBuildPhase section */
		ABEEAEFA26CB3B1E00AEEE8B /* Resources */ = {
			isa = PBXResourcesBuildPhase;
			buildActionMask = 2147483647;
			files = (
				ABEEAF0C26CB3B2100AEEE8B /* LaunchScreen.storyboard in Resources */,
				ABEEAF0926CB3B2100AEEE8B /* Assets.xcassets in Resources */,
				ABEEAF0726CB3B1E00AEEE8B /* Main.storyboard in Resources */,
			);
			runOnlyForDeploymentPostprocessing = 0;
		};
		ABEEAF1026CB3B2100AEEE8B /* Resources */ = {
			isa = PBXResourcesBuildPhase;
			buildActionMask = 2147483647;
			files = (
			);
			runOnlyForDeploymentPostprocessing = 0;
		};
		ABEEAF1B26CB3B2100AEEE8B /* Resources */ = {
			isa = PBXResourcesBuildPhase;
			buildActionMask = 2147483647;
			files = (
			);
			runOnlyForDeploymentPostprocessing = 0;
		};
/* End PBXResourcesBuildPhase section */

/* Begin PBXSourcesBuildPhase section */
		ABEEAEF826CB3B1E00AEEE8B /* Sources */ = {
			isa = PBXSourcesBuildPhase;
			buildActionMask = 2147483647;
			files = (
				ABEEAF0426CB3B1E00AEEE8B /* ViewController.swift in Sources */,
				AB6665A426CDE25700BFEB1F /* TemperatureConverter.swift in Sources */,
				ABEEAF0026CB3B1E00AEEE8B /* AppDelegate.swift in Sources */,
				AB66659B26CDDFCF00BFEB1F /* Temperature.swift in Sources */,
				ABEEAF0226CB3B1E00AEEE8B /* SceneDelegate.swift in Sources */,
			);
			runOnlyForDeploymentPostprocessing = 0;
		};
		ABEEAF0E26CB3B2100AEEE8B /* Sources */ = {
			isa = PBXSourcesBuildPhase;
			buildActionMask = 2147483647;
			files = (
				ABEEAF1726CB3B2100AEEE8B /* ConvertidorTemperaturaTests.swift in Sources */,
				AB6665AC26CDE3E900BFEB1F /* TemperatureConverterTests.swift in Sources */,
			);
			runOnlyForDeploymentPostprocessing = 0;
		};
		ABEEAF1926CB3B2100AEEE8B /* Sources */ = {
			isa = PBXSourcesBuildPhase;
			buildActionMask = 2147483647;
			files = (
				ABEEAF2226CB3B2100AEEE8B /* ConvertidorTemperaturaUITests.swift in Sources */,
			);
			runOnlyForDeploymentPostprocessing = 0;
		};
/* End PBXSourcesBuildPhase section */

/* Begin PBXTargetDependency section */
		ABEEAF1426CB3B2100AEEE8B /* PBXTargetDependency */ = {
			isa = PBXTargetDependency;
			target = ABEEAEFB26CB3B1E00AEEE8B /* ConvertidorTemperatura */;
			targetProxy = ABEEAF1326CB3B2100AEEE8B /* PBXContainerItemProxy */;
		};
		ABEEAF1F26CB3B2100AEEE8B /* PBXTargetDependency */ = {
			isa = PBXTargetDependency;
			target = ABEEAEFB26CB3B1E00AEEE8B /* ConvertidorTemperatura */;
			targetProxy = ABEEAF1E26CB3B2100AEEE8B /* PBXContainerItemProxy */;
		};
/* End PBXTargetDependency section */

/* Begin PBXVariantGroup section */
		ABEEAF0526CB3B1E00AEEE8B /* Main.storyboard */ = {
			isa = PBXVariantGroup;
			children = (
				ABEEAF0626CB3B1E00AEEE8B /* Base */,
			);
			name = Main.storyboard;
			sourceTree = "<group>";
		};
		ABEEAF0A26CB3B2100AEEE8B /* LaunchScreen.storyboard */ = {
			isa = PBXVariantGroup;
			children = (
				ABEEAF0B26CB3B2100AEEE8B /* Base */,
			);
			name = LaunchScreen.storyboard;
			sourceTree = "<group>";
		};
/* End PBXVariantGroup section */

/* Begin XCBuildConfiguration section */
		ABEEAF2426CB3B2100AEEE8B /* Debug */ = {
			isa = XCBuildConfiguration;
			buildSettings = {
				ALWAYS_SEARCH_USER_PATHS = NO;
				CLANG_ANALYZER_NONNULL = YES;
				CLANG_ANALYZER_NUMBER_OBJECT_CONVERSION = YES_AGGRESSIVE;
				CLANG_CXX_LANGUAGE_STANDARD = "gnu++14";
				CLANG_CXX_LIBRARY = "libc++";
				CLANG_ENABLE_MODULES = YES;
				CLANG_ENABLE_OBJC_ARC = YES;
				CLANG_ENABLE_OBJC_WEAK = YES;
				CLANG_WARN_BLOCK_CAPTURE_AUTORELEASING = YES;
				CLANG_WARN_BOOL_CONVERSION = YES;
				CLANG_WARN_COMMA = YES;
				CLANG_WARN_CONSTANT_CONVERSION = YES;
				CLANG_WARN_DEPRECATED_OBJC_IMPLEMENTATIONS = YES;
				CLANG_WARN_DIRECT_OBJC_ISA_USAGE = YES_ERROR;
				CLANG_WARN_DOCUMENTATION_COMMENTS = YES;
				CLANG_WARN_EMPTY_BODY = YES;
				CLANG_WARN_ENUM_CONVERSION = YES;
				CLANG_WARN_INFINITE_RECURSION = YES;
				CLANG_WARN_INT_CONVERSION = YES;
				CLANG_WARN_NON_LITERAL_NULL_CONVERSION = YES;
				CLANG_WARN_OBJC_IMPLICIT_RETAIN_SELF = YES;
				CLANG_WARN_OBJC_LITERAL_CONVERSION = YES;
				CLANG_WARN_OBJC_ROOT_CLASS = YES_ERROR;
				CLANG_WARN_QUOTED_INCLUDE_IN_FRAMEWORK_HEADER = YES;
				CLANG_WARN_RANGE_LOOP_ANALYSIS = YES;
				CLANG_WARN_STRICT_PROTOTYPES = YES;
				CLANG_WARN_SUSPICIOUS_MOVE = YES;
				CLANG_WARN_UNGUARDED_AVAILABILITY = YES_AGGRESSIVE;
				CLANG_WARN_UNREACHABLE_CODE = YES;
				CLANG_WARN__DUPLICATE_METHOD_MATCH = YES;
				COPY_PHASE_STRIP = NO;
				DEBUG_INFORMATION_FORMAT = dwarf;
				ENABLE_STRICT_OBJC_MSGSEND = YES;
				ENABLE_TESTABILITY = YES;
				GCC_C_LANGUAGE_STANDARD = gnu11;
				GCC_DYNAMIC_NO_PIC = NO;
				GCC_NO_COMMON_BLOCKS = YES;
				GCC_OPTIMIZATION_LEVEL = 0;
				GCC_PREPROCESSOR_DEFINITIONS = (
					"DEBUG=1",
					"$(inherited)",
				);
				GCC_WARN_64_TO_32_BIT_CONVERSION = YES;
				GCC_WARN_ABOUT_RETURN_TYPE = YES_ERROR;
				GCC_WARN_UNDECLARED_SELECTOR = YES;
				GCC_WARN_UNINITIALIZED_AUTOS = YES_AGGRESSIVE;
				GCC_WARN_UNUSED_FUNCTION = YES;
				GCC_WARN_UNUSED_VARIABLE = YES;
				IPHONEOS_DEPLOYMENT_TARGET = 14.4;
				MTL_ENABLE_DEBUG_INFO = INCLUDE_SOURCE;
				MTL_FAST_MATH = YES;
				ONLY_ACTIVE_ARCH = YES;
				SDKROOT = iphoneos;
				SWIFT_ACTIVE_COMPILATION_CONDITIONS = DEBUG;
				SWIFT_OPTIMIZATION_LEVEL = "-Onone";
			};
			name = Debug;
		};
		ABEEAF2526CB3B2100AEEE8B /* Release */ = {
			isa = XCBuildConfiguration;
			buildSettings = {
				ALWAYS_SEARCH_USER_PATHS = NO;
				CLANG_ANALYZER_NONNULL = YES;
				CLANG_ANALYZER_NUMBER_OBJECT_CONVERSION = YES_AGGRESSIVE;
				CLANG_CXX_LANGUAGE_STANDARD = "gnu++14";
				CLANG_CXX_LIBRARY = "libc++";
				CLANG_ENABLE_MODULES = YES;
				CLANG_ENABLE_OBJC_ARC = YES;
				CLANG_ENABLE_OBJC_WEAK = YES;
				CLANG_WARN_BLOCK_CAPTURE_AUTORELEASING = YES;
				CLANG_WARN_BOOL_CONVERSION = YES;
				CLANG_WARN_COMMA = YES;
				CLANG_WARN_CONSTANT_CONVERSION = YES;
				CLANG_WARN_DEPRECATED_OBJC_IMPLEMENTATIONS = YES;
				CLANG_WARN_DIRECT_OBJC_ISA_USAGE = YES_ERROR;
				CLANG_WARN_DOCUMENTATION_COMMENTS = YES;
				CLANG_WARN_EMPTY_BODY = YES;
				CLANG_WARN_ENUM_CONVERSION = YES;
				CLANG_WARN_INFINITE_RECURSION = YES;
				CLANG_WARN_INT_CONVERSION = YES;
				CLANG_WARN_NON_LITERAL_NULL_CONVERSION = YES;
				CLANG_WARN_OBJC_IMPLICIT_RETAIN_SELF = YES;
				CLANG_WARN_OBJC_LITERAL_CONVERSION = YES;
				CLANG_WARN_OBJC_ROOT_CLASS = YES_ERROR;
				CLANG_WARN_QUOTED_INCLUDE_IN_FRAMEWORK_HEADER = YES;
				CLANG_WARN_RANGE_LOOP_ANALYSIS = YES;
				CLANG_WARN_STRICT_PROTOTYPES = YES;
				CLANG_WARN_SUSPICIOUS_MOVE = YES;
				CLANG_WARN_UNGUARDED_AVAILABILITY = YES_AGGRESSIVE;
				CLANG_WARN_UNREACHABLE_CODE = YES;
				CLANG_WARN__DUPLICATE_METHOD_MATCH = YES;
				COPY_PHASE_STRIP = NO;
				DEBUG_INFORMATION_FORMAT = "dwarf-with-dsym";
				ENABLE_NS_ASSERTIONS = NO;
				ENABLE_STRICT_OBJC_MSGSEND = YES;
				GCC_C_LANGUAGE_STANDARD = gnu11;
				GCC_NO_COMMON_BLOCKS = YES;
				GCC_WARN_64_TO_32_BIT_CONVERSION = YES;
				GCC_WARN_ABOUT_RETURN_TYPE = YES_ERROR;
				GCC_WARN_UNDECLARED_SELECTOR = YES;
				GCC_WARN_UNINITIALIZED_AUTOS = YES_AGGRESSIVE;
				GCC_WARN_UNUSED_FUNCTION = YES;
				GCC_WARN_UNUSED_VARIABLE = YES;
				IPHONEOS_DEPLOYMENT_TARGET = 14.4;
				MTL_ENABLE_DEBUG_INFO = NO;
				MTL_FAST_MATH = YES;
				SDKROOT = iphoneos;
				SWIFT_COMPILATION_MODE = wholemodule;
				SWIFT_OPTIMIZATION_LEVEL = "-O";
				VALIDATE_PRODUCT = YES;
			};
			name = Release;
		};
		ABEEAF2726CB3B2100AEEE8B /* Debug */ = {
			isa = XCBuildConfiguration;
			buildSettings = {
				ASSETCATALOG_COMPILER_APPICON_NAME = AppIcon;
				ASSETCATALOG_COMPILER_GLOBAL_ACCENT_COLOR_NAME = AccentColor;
				CODE_SIGN_STYLE = Automatic;
				INFOPLIST_FILE = ConvertidorTemperatura/Info.plist;
				LD_RUNPATH_SEARCH_PATHS = (
					"$(inherited)",
					"@executable_path/Frameworks",
				);
				PRODUCT_BUNDLE_IDENTIFIER = mx.tec.tc2007b.lab.ConvertidorTemperatura;
				PRODUCT_NAME = "$(TARGET_NAME)";
				SWIFT_VERSION = 5.0;
				TARGETED_DEVICE_FAMILY = "1,2";
			};
			name = Debug;
		};
		ABEEAF2826CB3B2100AEEE8B /* Release */ = {
			isa = XCBuildConfiguration;
			buildSettings = {
				ASSETCATALOG_COMPILER_APPICON_NAME = AppIcon;
				ASSETCATALOG_COMPILER_GLOBAL_ACCENT_COLOR_NAME = AccentColor;
				CODE_SIGN_STYLE = Automatic;
				INFOPLIST_FILE = ConvertidorTemperatura/Info.plist;
				LD_RUNPATH_SEARCH_PATHS = (
					"$(inherited)",
					"@executable_path/Frameworks",
				);
				PRODUCT_BUNDLE_IDENTIFIER = mx.tec.tc2007b.lab.ConvertidorTemperatura;
				PRODUCT_NAME = "$(TARGET_NAME)";
				SWIFT_VERSION = 5.0;
				TARGETED_DEVICE_FAMILY = "1,2";
			};
			name = Release;
		};
		ABEEAF2A26CB3B2100AEEE8B /* Debug */ = {
			isa = XCBuildConfiguration;
			buildSettings = {
				ALWAYS_EMBED_SWIFT_STANDARD_LIBRARIES = YES;
				BUNDLE_LOADER = "$(TEST_HOST)";
				CODE_SIGN_STYLE = Automatic;
				INFOPLIST_FILE = ConvertidorTemperaturaTests/Info.plist;
				IPHONEOS_DEPLOYMENT_TARGET = 14.4;
				LD_RUNPATH_SEARCH_PATHS = (
					"$(inherited)",
					"@executable_path/Frameworks",
					"@loader_path/Frameworks",
				);
				PRODUCT_BUNDLE_IDENTIFIER = mx.tec.tc2007b.lab.ConvertidorTemperaturaTests;
				PRODUCT_NAME = "$(TARGET_NAME)";
				SWIFT_VERSION = 5.0;
				TARGETED_DEVICE_FAMILY = "1,2";
				TEST_HOST = "$(BUILT_PRODUCTS_DIR)/ConvertidorTemperatura.app/ConvertidorTemperatura";
			};
			name = Debug;
		};
		ABEEAF2B26CB3B2100AEEE8B /* Release */ = {
			isa = XCBuildConfiguration;
			buildSettings = {
				ALWAYS_EMBED_SWIFT_STANDARD_LIBRARIES = YES;
				BUNDLE_LOADER = "$(TEST_HOST)";
				CODE_SIGN_STYLE = Automatic;
				INFOPLIST_FILE = ConvertidorTemperaturaTests/Info.plist;
				IPHONEOS_DEPLOYMENT_TARGET = 14.4;
				LD_RUNPATH_SEARCH_PATHS = (
					"$(inherited)",
					"@executable_path/Frameworks",
					"@loader_path/Frameworks",
				);
				PRODUCT_BUNDLE_IDENTIFIER = mx.tec.tc2007b.lab.ConvertidorTemperaturaTests;
				PRODUCT_NAME = "$(TARGET_NAME)";
				SWIFT_VERSION = 5.0;
				TARGETED_DEVICE_FAMILY = "1,2";
				TEST_HOST = "$(BUILT_PRODUCTS_DIR)/ConvertidorTemperatura.app/ConvertidorTemperatura";
			};
			name = Release;
		};
		ABEEAF2D26CB3B2100AEEE8B /* Debug */ = {
			isa = XCBuildConfiguration;
			buildSettings = {
				ALWAYS_EMBED_SWIFT_STANDARD_LIBRARIES = YES;
				CODE_SIGN_STYLE = Automatic;
				INFOPLIST_FILE = ConvertidorTemperaturaUITests/Info.plist;
				LD_RUNPATH_SEARCH_PATHS = (
					"$(inherited)",
					"@executable_path/Frameworks",
					"@loader_path/Frameworks",
				);
				PRODUCT_BUNDLE_IDENTIFIER = mx.tec.tc2007b.lab.ConvertidorTemperaturaUITests;
				PRODUCT_NAME = "$(TARGET_NAME)";
				SWIFT_VERSION = 5.0;
				TARGETED_DEVICE_FAMILY = "1,2";
				TEST_TARGET_NAME = ConvertidorTemperatura;
			};
			name = Debug;
		};
		ABEEAF2E26CB3B2100AEEE8B /* Release */ = {
			isa = XCBuildConfiguration;
			buildSettings = {
				ALWAYS_EMBED_SWIFT_STANDARD_LIBRARIES = YES;
				CODE_SIGN_STYLE = Automatic;
				INFOPLIST_FILE = ConvertidorTemperaturaUITests/Info.plist;
				LD_RUNPATH_SEARCH_PATHS = (
					"$(inherited)",
					"@executable_path/Frameworks",
					"@loader_path/Frameworks",
				);
				PRODUCT_BUNDLE_IDENTIFIER = mx.tec.tc2007b.lab.ConvertidorTemperaturaUITests;
				PRODUCT_NAME = "$(TARGET_NAME)";
				SWIFT_VERSION = 5.0;
				TARGETED_DEVICE_FAMILY = "1,2";
				TEST_TARGET_NAME = ConvertidorTemperatura;
			};
			name = Release;
		};
/* End XCBuildConfiguration section */

/* Begin XCConfigurationList section */
		ABEEAEF726CB3B1E00AEEE8B /* Build configuration list for PBXProject "ConvertidorTemperatura" */ = {
			isa = XCConfigurationList;
			buildConfigurations = (
				ABEEAF2426CB3B2100AEEE8B /* Debug */,
				ABEEAF2526CB3B2100AEEE8B /* Release */,
			);
			defaultConfigurationIsVisible = 0;
			defaultConfigurationName = Release;
		};
		ABEEAF2626CB3B2100AEEE8B /* Build configuration list for PBXNativeTarget "ConvertidorTemperatura" */ = {
			isa = XCConfigurationList;
			buildConfigurations = (
				ABEEAF2726CB3B2100AEEE8B /* Debug */,
				ABEEAF2826CB3B2100AEEE8B /* Release */,
			);
			defaultConfigurationIsVisible = 0;
			defaultConfigurationName = Release;
		};
		ABEEAF2926CB3B2100AEEE8B /* Build configuration list for PBXNativeTarget "ConvertidorTemperaturaTests" */ = {
			isa = XCConfigurationList;
			buildConfigurations = (
				ABEEAF2A26CB3B2100AEEE8B /* Debug */,
				ABEEAF2B26CB3B2100AEEE8B /* Release */,
			);
			defaultConfigurationIsVisible = 0;
			defaultConfigurationName = Release;
		};
		ABEEAF2C26CB3B2100AEEE8B /* Build configuration list for PBXNativeTarget "ConvertidorTemperaturaUITests" */ = {
			isa = XCConfigurationList;
			buildConfigurations = (
				ABEEAF2D26CB3B2100AEEE8B /* Debug */,
				ABEEAF2E26CB3B2100AEEE8B /* Release */,
			);
			defaultConfigurationIsVisible = 0;
			defaultConfigurationName = Release;
		};
/* End XCConfigurationList section */
	};
	rootObject = ABEEAEF426CB3B1E00AEEE8B /* Project object */;
}
